
Microsoft Visual Studio Solution File, Format Version 12.00
# Visual Studio Version 17
VisualStudioVersion = 17.12.35417.141 d17.12
MinimumVisualStudioVersion = 10.0.40219.1
Project("{FAE04EC0-301F-11D3-BF4B-00C04F79EFBC}") = "LanguageService", "LanguageService\LanguageService.csproj", "{865F195B-CD55-4C76-A0FE-DB82409359CC}"
EndProject
Project("{FAE04EC0-301F-11D3-BF4B-00C04F79EFBC}") = "LanguageService.Windows.Forms.Test", "LanguageService.Windows.Forms.Test\LanguageService.Windows.Forms.Test.csproj", "{128B0E7F-3B4D-4477-93C8-C9555691F1DD}"
EndProject
Project("{FAE04EC0-301F-11D3-BF4B-00C04F79EFBC}") = "LanguageService.WPF.Test", "LanguageService.WPF.Test\LanguageService.WPF.Test.csproj", "{8C2B40FA-0EEA-4A02-A1C7-59F0B6C44A01}"
EndProject
Project("{FAE04EC0-301F-11D3-BF4B-00C04F79EFBC}") = "LanguageService.Tests", "LanguageService.Tests\LanguageService.Tests.csproj", "{12D1932A-173B-4EED-B1CF-358FDA935595}"
EndProject
Project("{FAE04EC0-301F-11D3-BF4B-00C04F79EFBC}") = "LanguageService.Windows.Forms", "LanguageService.Windows.Forms\LanguageService.Windows.Forms.csproj", "{22E2EEEB-50C4-4A80-8C98-C88F50F1FD76}"
EndProject
Project("{FAE04EC0-301F-11D3-BF4B-00C04F79EFBC}") = "LanguageService.WPF", "LanguageService.WPF\LanguageService.WPF.csproj", "{B9CF8AA7-152F-4D76-ADE9-E674CFA011CD}"
EndProject
Project("{2150E333-8FDC-42A3-9474-1A3956D46DE8}") = "Solution Items", "Solution Items", "{9C158068-21E5-4A5B-A328-F5D4A8F02230}"
	ProjectSection(SolutionItems) = preProject
		.editorconfig = .editorconfig
	EndProjectSection
EndProject
Global
	GlobalSection(SolutionConfigurationPlatforms) = preSolution
		Debug|Any CPU = Debug|Any CPU
		Release|Any CPU = Release|Any CPU
	EndGlobalSection
	GlobalSection(ProjectConfigurationPlatforms) = postSolution
		{865F195B-CD55-4C76-A0FE-DB82409359CC}.Debug|Any CPU.ActiveCfg = Debug|Any CPU
		{865F195B-CD55-4C76-A0FE-DB82409359CC}.Debug|Any CPU.Build.0 = Debug|Any CPU
		{865F195B-CD55-4C76-A0FE-DB82409359CC}.Release|Any CPU.ActiveCfg = Release|Any CPU
		{865F195B-CD55-4C76-A0FE-DB82409359CC}.Release|Any CPU.Build.0 = Release|Any CPU
		{128B0E7F-3B4D-4477-93C8-C9555691F1DD}.Debug|Any CPU.ActiveCfg = Debug|Any CPU
		{128B0E7F-3B4D-4477-93C8-C9555691F1DD}.Debug|Any CPU.Build.0 = Debug|Any CPU
		{128B0E7F-3B4D-4477-93C8-C9555691F1DD}.Release|Any CPU.ActiveCfg = Release|Any CPU
		{128B0E7F-3B4D-4477-93C8-C9555691F1DD}.Release|Any CPU.Build.0 = Release|Any CPU
		{8C2B40FA-0EEA-4A02-A1C7-59F0B6C44A01}.Debug|Any CPU.ActiveCfg = Debug|Any CPU
		{8C2B40FA-0EEA-4A02-A1C7-59F0B6C44A01}.Debug|Any CPU.Build.0 = Debug|Any CPU
		{8C2B40FA-0EEA-4A02-A1C7-59F0B6C44A01}.Release|Any CPU.ActiveCfg = Release|Any CPU
		{8C2B40FA-0EEA-4A02-A1C7-59F0B6C44A01}.Release|Any CPU.Build.0 = Release|Any CPU
		{12D1932A-173B-4EED-B1CF-358FDA935595}.Debug|Any CPU.ActiveCfg = Debug|Any CPU
		{12D1932A-173B-4EED-B1CF-358FDA935595}.Debug|Any CPU.Build.0 = Debug|Any CPU
		{12D1932A-173B-4EED-B1CF-358FDA935595}.Release|Any CPU.ActiveCfg = Release|Any CPU
		{12D1932A-173B-4EED-B1CF-358FDA935595}.Release|Any CPU.Build.0 = Release|Any CPU
		{22E2EEEB-50C4-4A80-8C98-C88F50F1FD76}.Debug|Any CPU.ActiveCfg = Debug|Any CPU
		{22E2EEEB-50C4-4A80-8C98-C88F50F1FD76}.Debug|Any CPU.Build.0 = Debug|Any CPU
		{22E2EEEB-50C4-4A80-8C98-C88F50F1FD76}.Release|Any CPU.ActiveCfg = Release|Any CPU
		{22E2EEEB-50C4-4A80-8C98-C88F50F1FD76}.Release|Any CPU.Build.0 = Release|Any CPU
		{B9CF8AA7-152F-4D76-ADE9-E674CFA011CD}.Debug|Any CPU.ActiveCfg = Debug|Any CPU
		{B9CF8AA7-152F-4D76-ADE9-E674CFA011CD}.Debug|Any CPU.Build.0 = Debug|Any CPU
		{B9CF8AA7-152F-4D76-ADE9-E674CFA011CD}.Release|Any CPU.ActiveCfg = Release|Any CPU
		{B9CF8AA7-152F-4D76-ADE9-E674CFA011CD}.Release|Any CPU.Build.0 = Release|Any CPU
	EndGlobalSection
	GlobalSection(SolutionProperties) = preSolution
		HideSolutionNode = FALSE
	EndGlobalSection
	GlobalSection(ExtensibilityGlobals) = postSolution
		SolutionGuid = {ECA89F42-FBBA-4ED0-93E3-8D366864AA1A}
	EndGlobalSection
EndGlobal
